
Microsoft Visual Studio Solution File, Format Version 12.00
# Visual Studio Version 17
VisualStudioVersion = 17.9.34723.18
MinimumVisualStudioVersion = 10.0.40219.1
Project("{FAE04EC0-301F-11D3-BF4B-00C04F79EFBC}") = "RequestTrackerApplication", "RequestTrackerApplication\RequestTrackerApplication.csproj", "{04560609-52AC-435D-83B3-9FB02A907533}"
EndProject
Project("{FAE04EC0-301F-11D3-BF4B-00C04F79EFBC}") = "RequestTrackerModelLibrary", "RequestTrackerModelLibrary\RequestTrackerModelLibrary.csproj", "{1A188CFA-440A-4D20-85FF-2A420E0563A0}"
EndProject
Global
	GlobalSection(SolutionConfigurationPlatforms) = preSolution
		Debug|Any CPU = Debug|Any CPU
		Release|Any CPU = Release|Any CPU
	EndGlobalSection
	GlobalSection(ProjectConfigurationPlatforms) = postSolution
		{04560609-52AC-435D-83B3-9FB02A907533}.Debug|Any CPU.ActiveCfg = Debug|Any CPU
		{04560609-52AC-435D-83B3-9FB02A907533}.Debug|Any CPU.Build.0 = Debug|Any CPU
		{04560609-52AC-435D-83B3-9FB02A907533}.Release|Any CPU.ActiveCfg = Release|Any CPU
		{04560609-52AC-435D-83B3-9FB02A907533}.Release|Any CPU.Build.0 = Release|Any CPU
		{1A188CFA-440A-4D20-85FF-2A420E0563A0}.Debug|Any CPU.ActiveCfg = Debug|Any CPU
		{1A188CFA-440A-4D20-85FF-2A420E0563A0}.Debug|Any CPU.Build.0 = Debug|Any CPU
		{1A188CFA-440A-4D20-85FF-2A420E0563A0}.Release|Any CPU.ActiveCfg = Release|Any CPU
		{1A188CFA-440A-4D20-85FF-2A420E0563A0}.Release|Any CPU.Build.0 = Release|Any CPU
	EndGlobalSection
	GlobalSection(SolutionProperties) = preSolution
		HideSolutionNode = FALSE
	EndGlobalSection
	GlobalSection(ExtensibilityGlobals) = postSolution
		SolutionGuid = {56DDA1C5-1473-4F04-B1C5-B61D430BE103}
	EndGlobalSection
EndGlobal
