
Microsoft Visual Studio Solution File, Format Version 12.00
# Visual Studio Version 17
VisualStudioVersion = 17.9.34723.18
MinimumVisualStudioVersion = 10.0.40219.1
Project("{FAE04EC0-301F-11D3-BF4B-00C04F79EFBC}") = "MovieBookingSystem", "MovieBookingSystem\MovieBookingSystem.csproj", "{B4A45661-8BCA-4FE2-9CA1-907FF47FB870}"
EndProject
Project("{FAE04EC0-301F-11D3-BF4B-00C04F79EFBC}") = "MovieBookingModelLibrary", "MovieBookingModelLibrary\MovieBookingModelLibrary.csproj", "{57039905-25C5-4990-9CE9-031355F467BF}"
EndProject
Project("{FAE04EC0-301F-11D3-BF4B-00C04F79EFBC}") = "MovieBookingSystemDALLibrary", "MovieBookingSystemDALLibrary\MovieBookingSystemDALLibrary.csproj", "{6CF826EB-99E9-4167-BBBF-F557D6826337}"
EndProject
Global
	GlobalSection(SolutionConfigurationPlatforms) = preSolution
		Debug|Any CPU = Debug|Any CPU
		Release|Any CPU = Release|Any CPU
	EndGlobalSection
	GlobalSection(ProjectConfigurationPlatforms) = postSolution
		{B4A45661-8BCA-4FE2-9CA1-907FF47FB870}.Debug|Any CPU.ActiveCfg = Debug|Any CPU
		{B4A45661-8BCA-4FE2-9CA1-907FF47FB870}.Debug|Any CPU.Build.0 = Debug|Any CPU
		{B4A45661-8BCA-4FE2-9CA1-907FF47FB870}.Release|Any CPU.ActiveCfg = Release|Any CPU
		{B4A45661-8BCA-4FE2-9CA1-907FF47FB870}.Release|Any CPU.Build.0 = Release|Any CPU
		{57039905-25C5-4990-9CE9-031355F467BF}.Debug|Any CPU.ActiveCfg = Debug|Any CPU
		{57039905-25C5-4990-9CE9-031355F467BF}.Debug|Any CPU.Build.0 = Debug|Any CPU
		{57039905-25C5-4990-9CE9-031355F467BF}.Release|Any CPU.ActiveCfg = Release|Any CPU
		{57039905-25C5-4990-9CE9-031355F467BF}.Release|Any CPU.Build.0 = Release|Any CPU
		{6CF826EB-99E9-4167-BBBF-F557D6826337}.Debug|Any CPU.ActiveCfg = Debug|Any CPU
		{6CF826EB-99E9-4167-BBBF-F557D6826337}.Debug|Any CPU.Build.0 = Debug|Any CPU
		{6CF826EB-99E9-4167-BBBF-F557D6826337}.Release|Any CPU.ActiveCfg = Release|Any CPU
		{6CF826EB-99E9-4167-BBBF-F557D6826337}.Release|Any CPU.Build.0 = Release|Any CPU
	EndGlobalSection
	GlobalSection(SolutionProperties) = preSolution
		HideSolutionNode = FALSE
	EndGlobalSection
	GlobalSection(ExtensibilityGlobals) = postSolution
		SolutionGuid = {2C7704EF-C7CD-4A42-A7CF-60A7CC528466}
	EndGlobalSection
EndGlobal
