
Microsoft Visual Studio Solution File, Format Version 12.00
# Visual Studio Version 17
VisualStudioVersion = 17.9.34723.18
MinimumVisualStudioVersion = 10.0.40219.1
Project("{9A19103F-16F7-4668-BE54-9A1E7A4F7556}") = "ShoppingApp", "ShoppingApp\ShoppingApp.csproj", "{1A374611-70CD-485E-A5DD-E339EFAE700A}"
EndProject
Project("{9A19103F-16F7-4668-BE54-9A1E7A4F7556}") = "ShoppingModelLibrary", "ShoppingModelLibrary\ShoppingModelLibrary.csproj", "{91586F2B-E195-420C-A106-229292868789}"
EndProject
Project("{9A19103F-16F7-4668-BE54-9A1E7A4F7556}") = "ShoppingDALLibrary", "ShoppingDALLibrary\ShoppingDALLibrary.csproj", "{83886EFB-D5B0-46A3-8A62-ED251C75D857}"
EndProject
Project("{FAE04EC0-301F-11D3-BF4B-00C04F79EFBC}") = "ShoppingTest", "ProductRepoTest\ShoppingTest.csproj", "{B317CBB5-0987-4DEB-9051-241631026FFD}"
EndProject
Project("{FAE04EC0-301F-11D3-BF4B-00C04F79EFBC}") = "ShoppingBLLibrary", "ShoppingBLLibrary\ShoppingBLLibrary.csproj", "{146BDD09-EE88-4AF0-8CF2-0173D31465EF}"
EndProject
Global
	GlobalSection(SolutionConfigurationPlatforms) = preSolution
		Debug|Any CPU = Debug|Any CPU
		Release|Any CPU = Release|Any CPU
	EndGlobalSection
	GlobalSection(ProjectConfigurationPlatforms) = postSolution
		{1A374611-70CD-485E-A5DD-E339EFAE700A}.Debug|Any CPU.ActiveCfg = Debug|Any CPU
		{1A374611-70CD-485E-A5DD-E339EFAE700A}.Debug|Any CPU.Build.0 = Debug|Any CPU
		{1A374611-70CD-485E-A5DD-E339EFAE700A}.Release|Any CPU.ActiveCfg = Release|Any CPU
		{1A374611-70CD-485E-A5DD-E339EFAE700A}.Release|Any CPU.Build.0 = Release|Any CPU
		{91586F2B-E195-420C-A106-229292868789}.Debug|Any CPU.ActiveCfg = Debug|Any CPU
		{91586F2B-E195-420C-A106-229292868789}.Debug|Any CPU.Build.0 = Debug|Any CPU
		{91586F2B-E195-420C-A106-229292868789}.Release|Any CPU.ActiveCfg = Release|Any CPU
		{91586F2B-E195-420C-A106-229292868789}.Release|Any CPU.Build.0 = Release|Any CPU
		{83886EFB-D5B0-46A3-8A62-ED251C75D857}.Debug|Any CPU.ActiveCfg = Debug|Any CPU
		{83886EFB-D5B0-46A3-8A62-ED251C75D857}.Debug|Any CPU.Build.0 = Debug|Any CPU
		{83886EFB-D5B0-46A3-8A62-ED251C75D857}.Release|Any CPU.ActiveCfg = Release|Any CPU
		{83886EFB-D5B0-46A3-8A62-ED251C75D857}.Release|Any CPU.Build.0 = Release|Any CPU
		{B317CBB5-0987-4DEB-9051-241631026FFD}.Debug|Any CPU.ActiveCfg = Debug|Any CPU
		{B317CBB5-0987-4DEB-9051-241631026FFD}.Debug|Any CPU.Build.0 = Debug|Any CPU
		{B317CBB5-0987-4DEB-9051-241631026FFD}.Release|Any CPU.ActiveCfg = Release|Any CPU
		{B317CBB5-0987-4DEB-9051-241631026FFD}.Release|Any CPU.Build.0 = Release|Any CPU
		{146BDD09-EE88-4AF0-8CF2-0173D31465EF}.Debug|Any CPU.ActiveCfg = Debug|Any CPU
		{146BDD09-EE88-4AF0-8CF2-0173D31465EF}.Debug|Any CPU.Build.0 = Debug|Any CPU
		{146BDD09-EE88-4AF0-8CF2-0173D31465EF}.Release|Any CPU.ActiveCfg = Release|Any CPU
		{146BDD09-EE88-4AF0-8CF2-0173D31465EF}.Release|Any CPU.Build.0 = Release|Any CPU
	EndGlobalSection
	GlobalSection(SolutionProperties) = preSolution
		HideSolutionNode = FALSE
	EndGlobalSection
	GlobalSection(ExtensibilityGlobals) = postSolution
		SolutionGuid = {0699B46D-6BD2-44BA-A2E4-10C5272A3188}
	EndGlobalSection
EndGlobal
