
Microsoft Visual Studio Solution File, Format Version 12.00
# Visual Studio Version 17
VisualStudioVersion = 17.5.002.0
MinimumVisualStudioVersion = 10.0.40219.1
Project("{9A19103F-16F7-4668-BE54-9A1E7A4F7556}") = "ProductManagement", "ProductManagement\ProductManagement.csproj", "{CE742530-EA9D-4BC5-BEE4-A0B0F54EBDFB}"
EndProject
Global
	GlobalSection(SolutionConfigurationPlatforms) = preSolution
		Debug|Any CPU = Debug|Any CPU
		Release|Any CPU = Release|Any CPU
	EndGlobalSection
	GlobalSection(ProjectConfigurationPlatforms) = postSolution
		{CE742530-EA9D-4BC5-BEE4-A0B0F54EBDFB}.Debug|Any CPU.ActiveCfg = Debug|Any CPU
		{CE742530-EA9D-4BC5-BEE4-A0B0F54EBDFB}.Debug|Any CPU.Build.0 = Debug|Any CPU
		{CE742530-EA9D-4BC5-BEE4-A0B0F54EBDFB}.Release|Any CPU.ActiveCfg = Release|Any CPU
		{CE742530-EA9D-4BC5-BEE4-A0B0F54EBDFB}.Release|Any CPU.Build.0 = Release|Any CPU
	EndGlobalSection
	GlobalSection(SolutionProperties) = preSolution
		HideSolutionNode = FALSE
	EndGlobalSection
	GlobalSection(ExtensibilityGlobals) = postSolution
		SolutionGuid = {B1A6CC0B-A1C0-466F-B1FC-D0A9CBBA3857}
	EndGlobalSection
EndGlobal
