
Microsoft Visual Studio Solution File, Format Version 12.00
# Visual Studio Version 17
VisualStudioVersion = 17.9.34723.18
MinimumVisualStudioVersion = 10.0.40219.1
Project("{FAE04EC0-301F-11D3-BF4B-00C04F79EFBC}") = "RequestTrackerModelLibrary", "CodeFirstApproach\RequestTrackerModelLibrary.csproj", "{BE253513-4867-493A-9B51-39B7B8779E26}"
EndProject
Project("{9A19103F-16F7-4668-BE54-9A1E7A4F7556}") = "RequestTrackerEFApp", "RequestTrackerEFApp\RequestTrackerEFApp.csproj", "{4C8D848B-C23B-45BB-B8C9-27343F929E06}"
	ProjectSection(ProjectDependencies) = postProject
		{AF350443-A67B-4D29-93FE-9660D4B959F2} = {AF350443-A67B-4D29-93FE-9660D4B959F2}
	EndProjectSection
EndProject
Project("{9A19103F-16F7-4668-BE54-9A1E7A4F7556}") = "RequestTrackerDALLibrary", "RequestTrackerDALLibrary\RequestTrackerDALLibrary.csproj", "{AF350443-A67B-4D29-93FE-9660D4B959F2}"
EndProject
Project("{9A19103F-16F7-4668-BE54-9A1E7A4F7556}") = "RequestTrackerBLLibrary", "RequestTrackerBLLibrary\RequestTrackerBLLibrary.csproj", "{2AADDD4C-7950-4540-87BB-55670F99C33C}"
EndProject
Global
	GlobalSection(SolutionConfigurationPlatforms) = preSolution
		Debug|Any CPU = Debug|Any CPU
		Release|Any CPU = Release|Any CPU
	EndGlobalSection
	GlobalSection(ProjectConfigurationPlatforms) = postSolution
		{BE253513-4867-493A-9B51-39B7B8779E26}.Debug|Any CPU.ActiveCfg = Debug|Any CPU
		{BE253513-4867-493A-9B51-39B7B8779E26}.Debug|Any CPU.Build.0 = Debug|Any CPU
		{BE253513-4867-493A-9B51-39B7B8779E26}.Release|Any CPU.ActiveCfg = Release|Any CPU
		{BE253513-4867-493A-9B51-39B7B8779E26}.Release|Any CPU.Build.0 = Release|Any CPU
		{4C8D848B-C23B-45BB-B8C9-27343F929E06}.Debug|Any CPU.ActiveCfg = Debug|Any CPU
		{4C8D848B-C23B-45BB-B8C9-27343F929E06}.Debug|Any CPU.Build.0 = Debug|Any CPU
		{4C8D848B-C23B-45BB-B8C9-27343F929E06}.Release|Any CPU.ActiveCfg = Release|Any CPU
		{4C8D848B-C23B-45BB-B8C9-27343F929E06}.Release|Any CPU.Build.0 = Release|Any CPU
		{AF350443-A67B-4D29-93FE-9660D4B959F2}.Debug|Any CPU.ActiveCfg = Debug|Any CPU
		{AF350443-A67B-4D29-93FE-9660D4B959F2}.Debug|Any CPU.Build.0 = Debug|Any CPU
		{AF350443-A67B-4D29-93FE-9660D4B959F2}.Release|Any CPU.ActiveCfg = Release|Any CPU
		{AF350443-A67B-4D29-93FE-9660D4B959F2}.Release|Any CPU.Build.0 = Release|Any CPU
		{2AADDD4C-7950-4540-87BB-55670F99C33C}.Debug|Any CPU.ActiveCfg = Debug|Any CPU
		{2AADDD4C-7950-4540-87BB-55670F99C33C}.Debug|Any CPU.Build.0 = Debug|Any CPU
		{2AADDD4C-7950-4540-87BB-55670F99C33C}.Release|Any CPU.ActiveCfg = Release|Any CPU
		{2AADDD4C-7950-4540-87BB-55670F99C33C}.Release|Any CPU.Build.0 = Release|Any CPU
	EndGlobalSection
	GlobalSection(SolutionProperties) = preSolution
		HideSolutionNode = FALSE
	EndGlobalSection
	GlobalSection(ExtensibilityGlobals) = postSolution
		SolutionGuid = {33AD2EAB-211E-4936-8F25-DC20EAED64DB}
	EndGlobalSection
EndGlobal
